
Microsoft Visual Studio Solution File, Format Version 12.00
# Visual Studio Version 16
VisualStudioVersion = 16.0.31515.178
MinimumVisualStudioVersion = 10.0.40219.1
Project("{888888A0-9F3D-457C-B088-3A5042F75D52}") = "HotelReservation", "HotelReservation.pyproj", "{F7CFFD5D-0E79-4A25-ABDB-86FE48B67EE8}"
EndProject
Global
	GlobalSection(SolutionConfigurationPlatforms) = preSolution
		Debug|Any CPU = Debug|Any CPU
		Release|Any CPU = Release|Any CPU
	EndGlobalSection
	GlobalSection(ProjectConfigurationPlatforms) = postSolution
		{F7CFFD5D-0E79-4A25-ABDB-86FE48B67EE8}.Debug|Any CPU.ActiveCfg = Debug|Any CPU
		{F7CFFD5D-0E79-4A25-ABDB-86FE48B67EE8}.Release|Any CPU.ActiveCfg = Release|Any CPU
	EndGlobalSection
	GlobalSection(SolutionProperties) = preSolution
		HideSolutionNode = FALSE
	EndGlobalSection
	GlobalSection(ExtensibilityGlobals) = postSolution
		SolutionGuid = {839BC0EB-0B1D-4FF7-BA79-113918159E4D}
	EndGlobalSection
EndGlobal
